
Microsoft Visual Studio Solution File, Format Version 12.00
# Visual Studio 14
VisualStudioVersion = 14.0.25123.0
MinimumVisualStudioVersion = 10.0.40219.1
Project("{81BE5007-4CAB-4670-AEEB-3DA6572B9D12}") = "hive_demo_application", "hive_demo_application\hive_demo_application.hiveproj", "{5988C058-0AC2-431C-A992-59693C089D94}"
EndProject
Global
	GlobalSection(SolutionConfigurationPlatforms) = preSolution
		Debug|x86 = Debug|x86
		Release|x86 = Release|x86
	EndGlobalSection
	GlobalSection(ProjectConfigurationPlatforms) = postSolution
		{5988C058-0AC2-431C-A992-59693C089D94}.Debug|x86.ActiveCfg = Debug|x86
		{5988C058-0AC2-431C-A992-59693C089D94}.Debug|x86.Build.0 = Debug|x86
		{5988C058-0AC2-431C-A992-59693C089D94}.Release|x86.ActiveCfg = Release|x86
		{5988C058-0AC2-431C-A992-59693C089D94}.Release|x86.Build.0 = Release|x86
	EndGlobalSection
	GlobalSection(SolutionProperties) = preSolution
		HideSolutionNode = FALSE
	EndGlobalSection
EndGlobal
